
Microsoft Visual Studio Solution File, Format Version 12.00
# Visual Studio 14
VisualStudioVersion = 14.0.25420.1
MinimumVisualStudioVersion = 10.0.40219.1
Project("{2150E333-8FDC-42A3-9474-1A3956D46DE8}") = "src", "src", "{A9921999-C3AE-4089-9550-09904AF515CF}"
EndProject
Project("{2150E333-8FDC-42A3-9474-1A3956D46DE8}") = "Solution Items", "Solution Items", "{75519F8C-6C19-4CFB-A18E-F3605CB8A08E}"
	ProjectSection(SolutionItems) = preProject
		global.json = global.json
	EndProjectSection
EndProject
Project("{8BB2217D-0F2D-49D1-97BC-3654ED321F3B}") = "Market", "src\Market\Market.xproj", "{CA59F71E-34AD-4B1F-B0B8-EF15AD46A771}"
EndProject
Project("{8BB2217D-0F2D-49D1-97BC-3654ED321F3B}") = "BusinessObjectLayer", "src\BusinessObjectLayer\BusinessObjectLayer.xproj", "{C0EA398A-BB28-45AD-B127-6E3990177359}"
EndProject
Project("{8BB2217D-0F2D-49D1-97BC-3654ED321F3B}") = "BusinessLogicLayer", "src\BusinessLogicLayer\BusinessLogicLayer.xproj", "{B86497DF-F05F-4132-9209-6D81B1E2D1A0}"
EndProject
Project("{8BB2217D-0F2D-49D1-97BC-3654ED321F3B}") = "DataAccessLayer", "src\DataAccessLayer\DataAccessLayer.xproj", "{0B62A763-F1CE-4C24-8FD6-74008FBC5652}"
EndProject
Global
	GlobalSection(SolutionConfigurationPlatforms) = preSolution
		Debug|Any CPU = Debug|Any CPU
		Release|Any CPU = Release|Any CPU
	EndGlobalSection
	GlobalSection(ProjectConfigurationPlatforms) = postSolution
		{CA59F71E-34AD-4B1F-B0B8-EF15AD46A771}.Debug|Any CPU.ActiveCfg = Debug|Any CPU
		{CA59F71E-34AD-4B1F-B0B8-EF15AD46A771}.Debug|Any CPU.Build.0 = Debug|Any CPU
		{CA59F71E-34AD-4B1F-B0B8-EF15AD46A771}.Release|Any CPU.ActiveCfg = Release|Any CPU
		{CA59F71E-34AD-4B1F-B0B8-EF15AD46A771}.Release|Any CPU.Build.0 = Release|Any CPU
		{C0EA398A-BB28-45AD-B127-6E3990177359}.Debug|Any CPU.ActiveCfg = Debug|Any CPU
		{C0EA398A-BB28-45AD-B127-6E3990177359}.Debug|Any CPU.Build.0 = Debug|Any CPU
		{C0EA398A-BB28-45AD-B127-6E3990177359}.Release|Any CPU.ActiveCfg = Release|Any CPU
		{C0EA398A-BB28-45AD-B127-6E3990177359}.Release|Any CPU.Build.0 = Release|Any CPU
		{B86497DF-F05F-4132-9209-6D81B1E2D1A0}.Debug|Any CPU.ActiveCfg = Debug|Any CPU
		{B86497DF-F05F-4132-9209-6D81B1E2D1A0}.Debug|Any CPU.Build.0 = Debug|Any CPU
		{B86497DF-F05F-4132-9209-6D81B1E2D1A0}.Release|Any CPU.ActiveCfg = Release|Any CPU
		{B86497DF-F05F-4132-9209-6D81B1E2D1A0}.Release|Any CPU.Build.0 = Release|Any CPU
		{0B62A763-F1CE-4C24-8FD6-74008FBC5652}.Debug|Any CPU.ActiveCfg = Debug|Any CPU
		{0B62A763-F1CE-4C24-8FD6-74008FBC5652}.Debug|Any CPU.Build.0 = Debug|Any CPU
		{0B62A763-F1CE-4C24-8FD6-74008FBC5652}.Release|Any CPU.ActiveCfg = Release|Any CPU
		{0B62A763-F1CE-4C24-8FD6-74008FBC5652}.Release|Any CPU.Build.0 = Release|Any CPU
	EndGlobalSection
	GlobalSection(SolutionProperties) = preSolution
		HideSolutionNode = FALSE
	EndGlobalSection
	GlobalSection(NestedProjects) = preSolution
		{CA59F71E-34AD-4B1F-B0B8-EF15AD46A771} = {A9921999-C3AE-4089-9550-09904AF515CF}
		{C0EA398A-BB28-45AD-B127-6E3990177359} = {A9921999-C3AE-4089-9550-09904AF515CF}
		{B86497DF-F05F-4132-9209-6D81B1E2D1A0} = {A9921999-C3AE-4089-9550-09904AF515CF}
		{0B62A763-F1CE-4C24-8FD6-74008FBC5652} = {A9921999-C3AE-4089-9550-09904AF515CF}
	EndGlobalSection
EndGlobal
